
Microsoft Visual Studio Solution File, Format Version 12.00
# Visual Studio 14
VisualStudioVersion = 14.0.25123.0
MinimumVisualStudioVersion = 10.0.40219.1
Project("{46C22AF6-8816-4689-96C5-46A56341F1C1}") = "Sitecore.Support.321270.321271.103751", "Sitecore.Support.321270.321271.103751\Sitecore.Support.321270.321271.103751.csproj", "{170BF3A7-805E-4237-A29A-110990BAC940}"
EndProject
Global
	GlobalSection(SolutionConfigurationPlatforms) = preSolution
		Debug|Any CPU = Debug|Any CPU
		Release|Any CPU = Release|Any CPU
	EndGlobalSection
	GlobalSection(ProjectConfigurationPlatforms) = postSolution
		{170BF3A7-805E-4237-A29A-110990BAC940}.Debug|Any CPU.ActiveCfg = Debug|Any CPU
		{170BF3A7-805E-4237-A29A-110990BAC940}.Debug|Any CPU.Build.0 = Debug|Any CPU
		{170BF3A7-805E-4237-A29A-110990BAC940}.Release|Any CPU.ActiveCfg = Release|Any CPU
		{170BF3A7-805E-4237-A29A-110990BAC940}.Release|Any CPU.Build.0 = Release|Any CPU
	EndGlobalSection
	GlobalSection(SolutionProperties) = preSolution
		HideSolutionNode = FALSE
	EndGlobalSection
EndGlobal
